<?xml version="1.0" encoding="utf-8"?>
<Project ToolsVersion="4.0" xmlns="http://schemas.microsoft.com/developer/msbuild/2003">
  <ItemGroup>
    <Filter Include="Source Files">
      <UniqueIdentifier>{4FC737F1-C7A5-4376-A066-2A32D752A2FF}</UniqueIdentifier>
      <Extensions>cpp;c;cc;cxx;def;odl;idl;hpj;bat;asm;asmx</Extensions>
    </Filter>
    <Filter Include="Header Files">
      <UniqueIdentifier>{93995380-89BD-4b04-88EB-625FBE52EBFB}</UniqueIdentifier>
      <Extensions>h;hh;hpp;hxx;hm;inl;inc;ipp;xsd</Extensions>
    </Filter>
    <Filter Include="Resource Files">
      <UniqueIdentifier>{67DA6AB6-F800-4c08-8B7A-83BB121AAD01}</UniqueIdentifier>
      <Extensions>rc;ico;cur;bmp;dlg;rc2;rct;bin;rgs;gif;jpg;jpeg;jpe;resx;tiff;tif;png;wav;mfcribbon-ms</Extensions>
    </Filter>
    <Filter Include="px-lib">
      <UniqueIdentifier>{953cde91-a1fe-4efe-a980-45c9e3d1a476}</UniqueIdentifier>
    </Filter>
    <Filter Include="px-lib\gfx">
      <UniqueIdentifier>{6f30b39d-5e7f-4df7-a705-4439b7f50acd}</UniqueIdentifier>
    </Filter>
    <Filter Include="px-lib\common">
      <UniqueIdentifier>{1057c861-677d-46d2-9016-cba938b119c4}</UniqueIdentifier>
    </Filter>
    <Filter Include="px-lib\utils">
      <UniqueIdentifier>{0d538a6d-69dd-4089-a731-b3800d17cf4d}</UniqueIdentifier>
    </Filter>
    <Filter Include="px-lib\gfx\fonts">
      <UniqueIdentifier>{5d4a796b-b28c-407b-8fd0-4e201519a0fe}</UniqueIdentifier>
    </Filter>
    <Filter Include="px-lib\gfx\images">
      <UniqueIdentifier>{9cf2819a-20e0-4c35-98f6-15cac33ab2b9}</UniqueIdentifier>
    </Filter>
    <Filter Include="resources">
      <UniqueIdentifier>{2250709e-d3b6-4a37-91c8-f9f11c275ce0}</UniqueIdentifier>
    </Filter>
    <Filter Include="px-lib\gfx\fonts\inc">
      <UniqueIdentifier>{31b2cfac-72ab-47f3-b22b-6fe7f8064e32}</UniqueIdentifier>
    </Filter>
    <Filter Include="px-lib\gfx\fonts\src">
      <UniqueIdentifier>{80e77a47-0ff8-4e55-bdac-d2eef2566eec}</UniqueIdentifier>
    </Filter>
    <Filter Include="px-lib\gfx\images\inc">
      <UniqueIdentifier>{7bba5ca0-211f-4ab1-99c5-977ff055ee9d}</UniqueIdentifier>
    </Filter>
    <Filter Include="px-lib\gfx\images\src">
      <UniqueIdentifier>{9f41f058-a942-4621-b455-654a64f3065b}</UniqueIdentifier>
    </Filter>
    <Filter Include="px-lib\gfx\inc">
      <UniqueIdentifier>{e3055292-9ab9-47d5-81ed-1d4ece505cde}</UniqueIdentifier>
    </Filter>
    <Filter Include="px-lib\gfx\src">
      <UniqueIdentifier>{6115ff2d-5b0d-494b-9567-9fa60e750120}</UniqueIdentifier>
    </Filter>
    <Filter Include="px-lib\utils\inc">
      <UniqueIdentifier>{ebc1c055-c7ec-4365-9176-a31897d6c894}</UniqueIdentifier>
    </Filter>
    <Filter Include="px-lib\utils\src">
      <UniqueIdentifier>{c6afddf3-57ad-4e1e-8231-dbb812fd491d}</UniqueIdentifier>
    </Filter>
    <Filter Include="px-lib\common\inc">
      <UniqueIdentifier>{4d988ce9-50f5-4042-b764-7dcda3253564}</UniqueIdentifier>
    </Filter>
  </ItemGroup>
  <ItemGroup>
    <ClInclude Include="pxGfxSim.h">
      <Filter>Header Files</Filter>
    </ClInclude>
    <ClInclude Include="pxGfxSimDlg.h">
      <Filter>Header Files</Filter>
    </ClInclude>
    <ClInclude Include="stdafx.h">
      <Filter>Header Files</Filter>
    </ClInclude>
    <ClInclude Include="targetver.h">
      <Filter>Header Files</Filter>
    </ClInclude>
    <ClInclude Include="Resource.h">
      <Filter>Header Files</Filter>
    </ClInclude>
    <ClInclude Include="resources\px_gfx_img_dino.h">
      <Filter>resources</Filter>
    </ClInclude>
    <ClInclude Include="resources\px_gfx_resources.h">
      <Filter>resources</Filter>
    </ClInclude>
    <ClInclude Include="px_gfx_cfg.h">
      <Filter>Header Files</Filter>
    </ClInclude>
    <ClInclude Include="px_gfx_disp_sim.h">
      <Filter>Header Files</Filter>
    </ClInclude>
    <ClInclude Include="px_gfx_test.h">
      <Filter>Header Files</Filter>
    </ClInclude>
    <ClInclude Include="..\..\gfx\fonts\inc\px_gfx_font_3x5.h">
      <Filter>px-lib\gfx\fonts\inc</Filter>
    </ClInclude>
    <ClInclude Include="..\..\gfx\fonts\inc\px_gfx_font_5x7.h">
      <Filter>px-lib\gfx\fonts\inc</Filter>
    </ClInclude>
    <ClInclude Include="..\..\gfx\fonts\inc\px_gfx_font_11x14.h">
      <Filter>px-lib\gfx\fonts\inc</Filter>
    </ClInclude>
    <ClInclude Include="..\..\gfx\fonts\inc\px_gfx_fonts.h">
      <Filter>px-lib\gfx\fonts\inc</Filter>
    </ClInclude>
    <ClInclude Include="..\..\gfx\images\inc\px_gfx_img_hero_logo.h">
      <Filter>px-lib\gfx\images\inc</Filter>
    </ClInclude>
    <ClInclude Include="..\..\gfx\inc\px_gfx.h">
      <Filter>px-lib\gfx\inc</Filter>
    </ClInclude>
    <ClInclude Include="..\..\gfx\inc\px_gfx_cfg_template.h">
      <Filter>px-lib\gfx\inc</Filter>
    </ClInclude>
    <ClInclude Include="..\..\gfx\inc\px_gfx_disp.h">
      <Filter>px-lib\gfx\inc</Filter>
    </ClInclude>
    <ClInclude Include="..\..\gfx\inc\px_gfx_obj.h">
      <Filter>px-lib\gfx\inc</Filter>
    </ClInclude>
    <ClInclude Include="..\..\gfx\inc\px_gfx_obj_graph.h">
      <Filter>px-lib\gfx\inc</Filter>
    </ClInclude>
    <ClInclude Include="..\..\gfx\inc\px_gfx_obj_label.h">
      <Filter>px-lib\gfx\inc</Filter>
    </ClInclude>
    <ClInclude Include="..\..\gfx\inc\px_gfx_obj_win.h">
      <Filter>px-lib\gfx\inc</Filter>
    </ClInclude>
    <ClInclude Include="..\..\gfx\inc\px_gfx_objects.h">
      <Filter>px-lib\gfx\inc</Filter>
    </ClInclude>
    <ClInclude Include="..\..\common\inc\px_compiler.h">
      <Filter>px-lib\common\inc</Filter>
    </ClInclude>
    <ClInclude Include="..\..\common\inc\px_defines.h">
      <Filter>px-lib\common\inc</Filter>
    </ClInclude>
    <ClInclude Include="..\..\common\inc\px_pgm_P.h">
      <Filter>px-lib\common\inc</Filter>
    </ClInclude>
  </ItemGroup>
  <ItemGroup>
    <ClCompile Include="pxGfxSim.cpp">
      <Filter>Source Files</Filter>
    </ClCompile>
    <ClCompile Include="pxGfxSimDlg.cpp">
      <Filter>Source Files</Filter>
    </ClCompile>
    <ClCompile Include="stdafx.cpp">
      <Filter>Source Files</Filter>
    </ClCompile>
    <ClCompile Include="px_gfx_test.c">
      <Filter>Source Files</Filter>
    </ClCompile>
    <ClCompile Include="resources\px_gfx_img_dino.c">
      <Filter>resources</Filter>
    </ClCompile>
    <ClCompile Include="px_gfx_disp_sim.c">
      <Filter>Source Files</Filter>
    </ClCompile>
    <ClCompile Include="..\..\gfx\fonts\src\px_gfx_font_3x5.c">
      <Filter>px-lib\gfx\fonts\src</Filter>
    </ClCompile>
    <ClCompile Include="..\..\gfx\fonts\src\px_gfx_font_5x7.c">
      <Filter>px-lib\gfx\fonts\src</Filter>
    </ClCompile>
    <ClCompile Include="..\..\gfx\fonts\src\px_gfx_font_11x14.c">
      <Filter>px-lib\gfx\fonts\src</Filter>
    </ClCompile>
    <ClCompile Include="..\..\gfx\images\src\px_gfx_img_hero_logo.c">
      <Filter>px-lib\gfx\images\src</Filter>
    </ClCompile>
    <ClCompile Include="..\..\gfx\src\px_gfx.c">
      <Filter>px-lib\gfx\src</Filter>
    </ClCompile>
    <ClCompile Include="..\..\gfx\src\px_gfx_obj.c">
      <Filter>px-lib\gfx\src</Filter>
    </ClCompile>
    <ClCompile Include="..\..\gfx\src\px_gfx_obj_graph.c">
      <Filter>px-lib\gfx\src</Filter>
    </ClCompile>
    <ClCompile Include="..\..\gfx\src\px_gfx_obj_label.c">
      <Filter>px-lib\gfx\src</Filter>
    </ClCompile>
    <ClCompile Include="..\..\gfx\src\px_gfx_obj_win.c">
      <Filter>px-lib\gfx\src</Filter>
    </ClCompile>
  </ItemGroup>
  <ItemGroup>
    <ResourceCompile Include="pxGfxSim.rc">
      <Filter>Resource Files</Filter>
    </ResourceCompile>
  </ItemGroup>
  <ItemGroup>
    <None Include="res\pxGfxSim.rc2">
      <Filter>Resource Files</Filter>
    </None>
  </ItemGroup>
  <ItemGroup>
    <Image Include="res\pxGfxSim.ico">
      <Filter>Resource Files</Filter>
    </Image>
  </ItemGroup>
</Project>