#MicroXplorer Configuration settings - do not modify
PH0-OSC_IN.Locked=true
PB13.GPIOParameters=GPIO_Speed,GPIO_Label
PC7.GPIOParameters=GPIO_Label
RCC.USART1Freq_Value=32000000
PH0-OSC_IN.Signal=GPIO_Output
USART2.IPParameters=VirtualMode-Asynchronous,WordLength
SPI1.VirtualType=VM_MASTER
SPI2.VirtualType=VM_MASTER
PC12.Locked=true
PA10.GPIO_PuPd=GPIO_PULLUP
RCC.PLLCLKFreq_Value=32000000
PC12.Signal=GPIO_Input
PB14.GPIO_Label=SPI2_MISO
USART1.WordLength=WORDLENGTH_8B
PA14.GPIO_Label=SWCLK
PC7.Locked=true
PA3.GPIO_PuPd=GPIO_PULLUP
PC6.GPIO_Label=PWM_BUZZER
VP_RTC_VS_RTC_Activate.Mode=RTC_Enabled
PC3.Locked=true
RCC.RTCFreq_Value=32768
PA3.GPIOParameters=GPIO_Speed,GPIO_PuPd,GPIO_Label
PA6.GPIO_Label=GPIO0
PB6.GPIO_Label=SPI1_CS
PD2.GPIOParameters=PinState,GPIO_Label
PC5.Mode=IN15
USART1.IPParameters=VirtualMode-Asynchronous,WordLength
PA3.GPIO_Speed=GPIO_SPEED_FREQ_LOW
PB13.Signal=SPI2_SCK
PA2.GPIOParameters=GPIO_Speed,GPIO_Label
PC15-OSC32_OUT.GPIO_Label=OSC32_OUT
PinOutPanel.RotationAngle=0
PB3.GPIO_Speed=GPIO_SPEED_FREQ_HIGH
RCC.SYSCLKSource=RCC_SYSCLKSOURCE_PLLCLK
PB11.GPIO_Speed=GPIO_SPEED_FREQ_HIGH
SPI1.Direction=SPI_DIRECTION_2LINES
RCC.APB2TimFreq_Value=32000000
PB6.Signal=GPIO_Output
PC7.Signal=GPIO_Output
PB12.PinState=GPIO_PIN_SET
SPI1.CalculateBaudRate=16.0 MBits/s
PC3.Signal=GPIO_Input
PA1.GPIO_PuPd=GPIO_PULLDOWN
PB13.Locked=true
ProjectManager.ProjectBuild=false
PA0.Locked=true
PB2.Signal=GPIO_Output
PB3.Mode=Full_Duplex_Master
PA8.Locked=true
PA4.Locked=true
PC1.GPIO_PuPd=GPIO_PULLDOWN
RCC.RTCClockSelection=RCC_RTCCLKSOURCE_LSE
PB12.GPIO_Label=LCD_BACKLIGHT
ProjectManager.FirmwarePackage=STM32Cube FW_L0 V1.11.2
USART4.IPParameters=VirtualMode-Asynchronous,WordLength
MxDb.Version=DB.5.0.60
PB0.GPIOParameters=GPIO_Label
PA1.GPIOParameters=GPIO_PuPd,GPIO_Label
ProjectManager.BackupPrevious=false
PC4.GPIO_Label=ADC2
RCC.RTCClockSelectionVirtual=RCC_RTCCLKSOURCE_LSE
PB14.Mode=Full_Duplex_Master
PA5.GPIO_PuPd=GPIO_PULLDOWN
PB1.GPIO_Label=ADC_VBAT
SPI2.CalculateBaudRate=16.0 MBits/s
PH1-OSC_OUT.Locked=true
PC11.GPIO_Speed=GPIO_SPEED_FREQ_LOW
PA8.Signal=GPIO_Input
PB6.Locked=true
NVIC.PendSV_IRQn=true\:0\:0\:false\:false\:true\:false\:false
ProjectManager.HalAssertFull=false
PA0.Signal=GPIO_Input
PC8.GPIOParameters=PinState,GPIO_Label
Mcu.Package=LQFP64
PB9.Signal=I2C1_SDA
PB1.Signal=ADC_IN9
PB14.GPIO_PuPd=GPIO_PULLDOWN
PA5.Locked=true
SPI2.Mode=SPI_MODE_MASTER
SH.COMP_DAC1_group.ConfNb=1
PA14.Locked=true
VP_SYS_VS_Systick.Signal=SYS_VS_Systick
PA10.Signal=USART1_RX
VP_RTC_VS_RTC_Calendar.Mode=RTC_Calendar
PA5.GPIOParameters=GPIO_PuPd,GPIO_Label
PC11.Mode=Asynchronous
PB14.GPIOParameters=GPIO_Speed,GPIO_PuPd,GPIO_Label
PB8.GPIO_PuPdOD=GPIO_PULLUP
PB5.GPIO_Speed=GPIO_SPEED_FREQ_HIGH
RCC.APB1TimFreq_Value=32000000
PB10.GPIOParameters=PinState,GPIO_Label
PB13.Mode=Full_Duplex_Master
PC12.GPIO_PuPd=GPIO_PULLUP
PC15-OSC32_OUT.GPIOParameters=GPIO_Label
PA4.GPIO_Label=DAC1
ProjectManager.CustomerFirmwarePackage=
PC4.GPIOParameters=GPIO_Label
PC4.Mode=IN14
RCC.HSI48_VALUE=48000000
RCC.LPTIMFreq_Value=32000000
RCC.TIMFreq_Value=32000000
PA6.GPIOParameters=GPIO_PuPd,GPIO_Label
PB7.GPIO_PuPd=GPIO_PULLUP
ProjectManager.ProjectFileName=cubemx_hal.ioc
RCC.48USBFreq_Value=48000000
PA15.GPIOParameters=GPIO_PuPd,GPIO_Label
Mcu.PinsNb=57
PC11.Locked=true
PC13.Locked=true
RCC.LPUARTFreq_Value=32000000
PA9.GPIO_Label=UART1_TX
PC13.Signal=GPIO_Input
PC6.Signal=S_TIM3_CH1
PC2.Signal=GPIO_Input
PB11.GPIO_Label=LCD_RS
PA11.GPIO_Label=USB1D_N
PC0.Signal=GPIO_Input
PB14.Locked=true
PC14-OSC32_IN.Signal=RCC_OSC32_IN
PC11.GPIOParameters=GPIO_Speed,GPIO_PuPd,GPIO_Label
RCC.WatchDogFreq_Value=37000
PC3.GPIOParameters=GPIO_PuPd,GPIO_Label
PA3.Mode=Asynchronous
RCC.HSI16_VALUE=16000000
PB8.GPIO_Label=I2C1_SCL
PA11.Locked=true
PA15.Locked=true
PA8.GPIO_Label=USB_DET
PC15-OSC32_OUT.Locked=true
PB14.GPIO_Speed=GPIO_SPEED_FREQ_HIGH
USB_DEVICE.PRODUCT_STRING_CDC_FS=Hero Board
Mcu.Pin51=VP_FATFS_VS_Generic
Mcu.Pin52=VP_RTC_VS_RTC_Activate
Mcu.Pin50=PB9
Mcu.Pin55=VP_TIM3_VS_ClockSourceINT
Mcu.Pin56=VP_USB_DEVICE_VS_USB_DEVICE_CDC_FS
Mcu.Pin53=VP_RTC_VS_RTC_Calendar
Mcu.Pin54=VP_SYS_VS_Systick
PC6.Locked=true
PA9.Signal=USART1_TX
I2C1.Timing=0x00707CBB
PB13.GPIO_Speed=GPIO_SPEED_FREQ_HIGH
PB11.GPIOParameters=GPIO_Speed,GPIO_Label
PB5.Locked=true
PB9.Locked=true
PB4.GPIO_PuPd=GPIO_PULLUP
PH1-OSC_OUT.GPIO_PuPd=GPIO_PULLUP
Mcu.Pin48=PB7
Mcu.Pin49=PB8
Mcu.Pin46=PB5
Mcu.Pin47=PB6
PB10.Signal=GPIO_Output
PB14.Signal=SPI2_MISO
PA5.Signal=GPIO_Input
Mcu.Pin40=PC10
Mcu.Pin41=PC11
Mcu.Pin44=PB3
RCC.MCOPinFreq_Value=32000000
USART4.VirtualMode-Asynchronous=VM_ASYNC
Mcu.Pin45=PB4
Mcu.Pin42=PC12
Mcu.Pin43=PD2
ProjectManager.LastFirmware=true
Mcu.Pin37=PA13
PB4.GPIO_Label=SPI1_MISO
Mcu.Pin38=PA14
PB15.GPIO_Label=SPI2_MOSI
Mcu.Pin35=PA11
RCC.I2C1Freq_Value=32000000
Mcu.Pin36=PA12
SPI1.Mode=SPI_MODE_MASTER
Mcu.Pin39=PA15
PC2.GPIOParameters=GPIO_PuPd,GPIO_Label
Mcu.Pin30=PC8
PA1.GPIO_Label=GPIO2
PC9.GPIO_PuPd=GPIO_PULLUP
Mcu.Pin33=PA9
Mcu.Pin34=PA10
Mcu.Pin31=PC9
Mcu.Pin32=PA8
PA9.Locked=true
NVIC.NonMaskableInt_IRQn=true\:0\:0\:false\:false\:true\:false\:false
PC10.GPIOParameters=GPIO_Speed,GPIO_Label
PH1-OSC_OUT.GPIO_Label=LCD_BTN_2_RT
PA13.Mode=Serial_Wire
ProjectManager.FreePins=true
PC9.GPIOParameters=GPIO_PuPd,GPIO_Label
Mcu.Pin26=PB14
Mcu.Pin27=PB15
RCC.RTCHSEDivFreq_Value=4000000
Mcu.Pin24=PB12
ProjectManager.UnderRoot=true
Mcu.Pin25=PB13
Mcu.Pin28=PC6
PC7.GPIO_Label=VBAT_MEAS_EN
Mcu.Pin29=PC7
PB4.Locked=true
PA4.Signal=COMP_DAC1_group
Mcu.Pin22=PB10
PB5.Signal=SPI1_MOSI
Mcu.Pin23=PB11
Mcu.Pin20=PB1
PA3.Locked=true
Mcu.Pin21=PB2
PA5.GPIO_Label=GPIO1
PA10.Locked=true
NVIC.ForceEnableDMAVector=true
PA14.GPIOParameters=GPIO_Label
PC12.GPIO_Label=LCD_BTN_4_DN
ProjectManager.CompilerOptimize=6
PB6.PinState=GPIO_PIN_SET
PA11.Signal=USB_DM
ProjectManager.HeapSize=0x200
PA0.GPIOParameters=GPIO_PuPd,GPIO_Label
Mcu.Pin15=PA6
NVIC.HardFault_IRQn=true\:0\:0\:false\:false\:true\:false\:false
Mcu.Pin16=PA7
PB1.Mode=IN9
Mcu.Pin13=PA4
Mcu.Pin14=PA5
Mcu.Pin19=PB0
SH.S_TIM3_CH1.ConfNb=1
ProjectManager.ComputerToolchain=false
Mcu.Pin17=PC4
Mcu.Pin18=PC5
Mcu.Pin11=PA2
Mcu.Pin12=PA3
PB8.Mode=I2C
Mcu.Pin10=PA1
PC3.GPIO_Label=GPIO4
RCC.PWRFreq_Value=32000000
PD2.Signal=GPIO_Output
PB0.Signal=ADC_IN8
PA7.GPIOParameters=GPIO_Label
PC0.Locked=true
PC1.Signal=GPIO_Input
PB12.GPIOParameters=PinState,GPIO_Label
PD2.GPIO_Label=SPI1_CS_SD
Mcu.Family=STM32L0
ProjectManager.MainLocation=Src
PB10.PinState=GPIO_PIN_SET
USB_DEVICE.CLASS_NAME_FS=CDC
ProjectManager.KeepUserCode=true
Mcu.UserName=STM32L072RBTx
NVIC.USB_IRQn=true\:0\:0\:false\:false\:true\:false\:true
PC10.Locked=true
PC10.Signal=USART4_TX
PC5.Locked=true
PA0.GPIO_Label=GPIO3
PA12.GPIOParameters=GPIO_Label
ProjectManager.functionlistsort=1-MX_GPIO_Init-GPIO-false-HAL-true,2-SystemClock_Config-RCC-false-HAL-true,3-MX_ADC_Init-ADC-false-HAL-true,4-MX_DAC_Init-DAC-false-HAL-true,5-MX_I2C1_Init-I2C1-false-HAL-true,6-MX_RTC_Init-RTC-false-HAL-true,7-MX_SPI1_Init-SPI1-false-HAL-true,8-MX_SPI2_Init-SPI2-false-HAL-true,9-MX_USART1_UART_Init-USART1-false-HAL-true,10-MX_USART2_UART_Init-USART2-false-HAL-true,11-MX_USART4_UART_Init-USART4-false-HAL-true,12-MX_USB_DEVICE_Init-USB_DEVICE-false-HAL-false,13-MX_FATFS_Init-FATFS-false-HAL-false,14-MX_TIM3_Init-TIM3-false-HAL-true
PC0.GPIOParameters=GPIO_PuPd,GPIO_Label
PA9.GPIOParameters=GPIO_Speed,GPIO_Label
PA2.GPIO_Speed=GPIO_SPEED_FREQ_LOW
PA11.GPIOParameters=GPIO_Label
PC0.GPIO_Label=LCD_BTN_1_LT
PA11.Mode=Device
PH0-OSC_IN.GPIOParameters=GPIO_Label
PC9.Locked=true
PB0.GPIO_Label=ADC0
PC10.GPIO_Speed=GPIO_SPEED_FREQ_LOW
RCC.USART2Freq_Value=32000000
PD2.Locked=true
VP_RTC_VS_RTC_Calendar.Signal=RTC_VS_RTC_Calendar
NVIC.SVC_IRQn=true\:0\:0\:false\:false\:true\:false\:false
PC13.GPIO_Label=LCD_BTN_3_UP
PC1.Locked=true
PB13.GPIO_Label=SPI2_SCK
PB11.Signal=GPIO_Output
PB15.Signal=SPI2_MOSI
RCC.48CLKFreq_Value=32000000
ProjectManager.StackSize=0x400
PB5.GPIOParameters=GPIO_Speed,GPIO_Label
PC8.PinState=GPIO_PIN_SET
RCC.HSI48MClockSelection=RCC_USBCLKSOURCE_HSI48
RCC.I2C3Freq_Value=32000000
Mcu.IP4=NVIC
Mcu.IP5=RCC
RCC.FCLKCortexFreq_Value=32000000
USB_DEVICE.MANUFACTURER_STRING=PICONOMIX
Mcu.IP2=FATFS
I2C1.IPParameters=Timing
Mcu.IP3=I2C1
PA15.GPIO_Label=LCD_BTN_5_YES
PC11.GPIO_PuPd=GPIO_PULLUP
PB4.GPIOParameters=GPIO_Speed,GPIO_PuPd,GPIO_Label
Mcu.IP0=ADC
PA12.Locked=true
Mcu.IP1=DAC
PA12.Signal=USB_DP
Mcu.UserConstants=
PC1.GPIOParameters=GPIO_PuPd,GPIO_Label
Mcu.ThirdPartyNb=0
RCC.HCLKFreq_Value=32000000
Mcu.IPNb=16
ProjectManager.PreviousToolchain=STM32CubeIDE
PA8.GPIOParameters=GPIO_Label
Mcu.Pin6=PC1
Mcu.Pin7=PC2
Mcu.Pin8=PC3
Mcu.Pin9=PA0
RCC.AHBFreq_Value=32000000
Mcu.Pin0=PC13
PH0-OSC_IN.GPIO_Label=USR_LED
Mcu.Pin1=PC14-OSC32_IN
Mcu.Pin2=PC15-OSC32_OUT
Mcu.Pin3=PH0-OSC_IN
Mcu.Pin4=PH1-OSC_OUT
Mcu.Pin5=PC0
RCC.HSE_VALUE=8000000
Mcu.IP10=TIM3
USART2.VirtualMode-Asynchronous=VM_ASYNC
NVIC.SysTick_IRQn=true\:0\:0\:false\:false\:true\:false\:true
Mcu.IP12=USART2
RCC.PLLMUL=RCC_PLLMUL_4
Mcu.IP11=USART1
PA6.GPIO_PuPd=GPIO_PULLDOWN
Mcu.IP14=USB
PB4.Mode=Full_Duplex_Master
Mcu.IP13=USART4
Mcu.IP15=USB_DEVICE
PC14-OSC32_IN.Mode=LSE-External-Oscillator
PA14.Mode=Serial_Wire
PC11.GPIO_Label=UART4_RX
PB5.Mode=Full_Duplex_Master
File.Version=6
PA10.GPIO_Label=UART1_RX
PC13.GPIO_PuPd=GPIO_PULLUP
PB3.GPIOParameters=GPIO_Speed,GPIO_Label
PB7.Signal=GPIO_Input
PB8.Locked=true
SH.S_TIM3_CH1.0=TIM3_CH1
PB6.GPIOParameters=PinState,GPIO_Label
PB0.Locked=true
PC14-OSC32_IN.GPIOParameters=GPIO_Label
ProjectManager.ProjectName=cubemx_hal
PA13.GPIOParameters=GPIO_Label
PB7.GPIO_Label=GPIO7_SD_CD
PA6.Signal=GPIO_Input
PA7.Locked=true
VP_FATFS_VS_Generic.Signal=FATFS_VS_Generic
PA0.GPIO_PuPd=GPIO_PULLDOWN
ProjectManager.ToolChainLocation=
PA2.GPIO_Label=UART2_TX
RCC.LSI_VALUE=37000
PA15.Signal=GPIO_Input
VP_USB_DEVICE_VS_USB_DEVICE_CDC_FS.Signal=USB_DEVICE_VS_USB_DEVICE_CDC_FS
USART2.WordLength=WORDLENGTH_8B
PA10.GPIO_Speed=GPIO_SPEED_FREQ_LOW
PB9.GPIO_Speed=GPIO_SPEED_FREQ_LOW
PB5.GPIO_Label=SPI1_MOSI
PC4.Locked=true
PC14-OSC32_IN.GPIO_Label=OSC32_IN
SPI2.Direction=SPI_DIRECTION_2LINES
PC5.Signal=ADC_IN15
USART4.WordLength=WORDLENGTH_8B
PC0.GPIO_PuPd=GPIO_PULLUP
PC2.GPIO_Label=GPIO5
VP_TIM3_VS_ClockSourceINT.Mode=Internal
PC14-OSC32_IN.Locked=true
PB15.Locked=true
PB3.Locked=true
PB4.Signal=SPI1_MISO
PA3.Signal=USART2_RX
PA2.Locked=true
PB3.GPIO_Label=SPI1_SCK
VP_RTC_VS_RTC_Activate.Signal=RTC_VS_RTC_Activate
RCC.MSI_VALUE=2097000
PC15-OSC32_OUT.Mode=LSE-External-Oscillator
SH.COMP_DAC1_group.0=DAC_OUT1,DAC_OUT1
PB8.GPIOParameters=GPIO_Speed,GPIO_PuPdOD,GPIO_Label
PA7.Mode=IN7
PB9.GPIO_Label=I21C1_SDA
PC10.GPIO_Label=UART4_TX
PA10.Mode=Asynchronous
PC9.GPIO_Label=LCD_BTN_6_NO
ProjectManager.NoMain=false
SPI1.IPParameters=VirtualType,Mode,Direction,CalculateBaudRate
USB_DEVICE.VirtualModeFS=Cdc_FS
PC11.Signal=USART4_RX
PC8.Signal=GPIO_Output
PC4.Signal=ADC_IN14
PC10.Mode=Asynchronous
ProjectManager.DefaultFWLocation=true
PB12.Locked=true
ProjectManager.DeletePrevious=true
PB10.Locked=true
RCC.TimerFreq_Value=32000000
USB_DEVICE.IPParameters=VirtualMode,VirtualModeFS,CLASS_NAME_FS,PRODUCT_STRING_CDC_FS,MANUFACTURER_STRING
PA12.GPIO_Label=USB1D_P
RCC.FamilyName=M
PB9.GPIOParameters=GPIO_Speed,GPIO_PuPdOD,GPIO_Label
PC8.GPIO_Label=PWR_HOLD
PC12.GPIOParameters=GPIO_PuPd,GPIO_Label
USART1.VirtualMode-Asynchronous=VM_ASYNC
PA13.Signal=SYS_SWDIO
PA9.Mode=Asynchronous
ProjectManager.TargetToolchain=STM32CubeIDE
PB10.GPIO_Label=SPI2_CS_LCD
PB7.GPIOParameters=GPIO_PuPd,GPIO_Label
VP_USB_DEVICE_VS_USB_DEVICE_CDC_FS.Mode=CDC_FS
PC5.GPIOParameters=GPIO_Label
PB9.Mode=I2C
PB2.GPIOParameters=PinState,GPIO_Label
SPI2.IPParameters=VirtualType,Mode,Direction,CalculateBaudRate
PC2.Locked=true
VP_TIM3_VS_ClockSourceINT.Signal=TIM3_VS_ClockSourceINT
PC15-OSC32_OUT.Signal=RCC_OSC32_OUT
PA1.Signal=GPIO_Input
PB1.Locked=true
VP_FATFS_VS_Generic.Mode=User_defined
PD2.PinState=GPIO_PIN_SET
PB0.Mode=IN8
board=cubemx_hal
RCC.VCOOutputFreq_Value=64000000
PB15.Mode=Full_Duplex_Master
PB4.GPIO_Speed=GPIO_SPEED_FREQ_HIGH
RCC.APB2Freq_Value=32000000
MxCube.Version=5.6.0
PC13.GPIOParameters=GPIO_PuPd,GPIO_Label
PB15.GPIO_Speed=GPIO_SPEED_FREQ_HIGH
PC1.GPIO_Label=GPIO6
PA10.GPIOParameters=GPIO_Speed,GPIO_PuPd,GPIO_Label
VP_SYS_VS_Systick.Mode=SysTick
PH1-OSC_OUT.Signal=GPIO_Input
PA4.GPIOParameters=GPIO_Label
PC2.GPIO_PuPd=GPIO_PULLDOWN
PB15.GPIOParameters=GPIO_Speed,GPIO_Label
RCC.IPParameters=48CLKFreq_Value,48RNGFreq_Value,48USBFreq_Value,AHBFreq_Value,APB1Freq_Value,APB1TimFreq_Value,APB2Freq_Value,APB2TimFreq_Value,FCLKCortexFreq_Value,FamilyName,HCLKFreq_Value,HSE_VALUE,HSI16_VALUE,HSI48MClockSelection,HSI48_VALUE,HSI_VALUE,I2C1Freq_Value,I2C3Freq_Value,LPTIMFreq_Value,LPUARTFreq_Value,LSI_VALUE,MCOPinFreq_Value,MSI_VALUE,PLLCLKFreq_Value,PLLMUL,PWRFreq_Value,RTCClockSelection,RTCClockSelectionVirtual,RTCFreq_Value,RTCHSEDivFreq_Value,SYSCLKFreq_VALUE,SYSCLKSource,TIMFreq_Value,TimerFreq_Value,USART1Freq_Value,USART2Freq_Value,VCOOutputFreq_Value,WatchDogFreq_Value
ProjectManager.AskForMigrate=true
Mcu.Name=STM32L072R(B-Z)Tx
PB2.PinState=GPIO_PIN_SET
PA2.Signal=USART2_TX
PA13.GPIO_Label=SWDIO
PB2.Locked=true
Mcu.IP8=SPI2
Mcu.IP9=SYS
Mcu.IP6=RTC
Mcu.IP7=SPI1
ProjectManager.CoupleFile=true
PB3.Signal=SPI1_SCK
RCC.SYSCLKFreq_VALUE=32000000
PA7.GPIO_Label=ADC3
PA1.Locked=true
PA12.Mode=Device
KeepUserPlacement=false
PC5.GPIO_Label=ADC1
PA13.Locked=true
PH1-OSC_OUT.GPIOParameters=GPIO_PuPd,GPIO_Label
PA14.Signal=SYS_SWCLK
PB2.GPIO_Label=SPI2_CS_SF
PC6.GPIOParameters=GPIO_Label
PB9.GPIO_PuPdOD=GPIO_PULLUP
RCC.HSI_VALUE=16000000
PA15.GPIO_PuPd=GPIO_PULLUP
PB7.Locked=true
PA2.Mode=Asynchronous
PA9.GPIO_Speed=GPIO_SPEED_FREQ_LOW
PB8.Signal=I2C1_SCL
PC8.Locked=true
RCC.48RNGFreq_Value=48000000
PC9.Signal=GPIO_Input
RCC.APB1Freq_Value=32000000
PB8.GPIO_Speed=GPIO_SPEED_FREQ_LOW
USB_DEVICE.VirtualMode=Cdc
PB11.Locked=true
ProjectManager.DeviceId=STM32L072RBTx
PB12.Signal=GPIO_Output
ProjectManager.LibraryCopy=1
PC3.GPIO_PuPd=GPIO_PULLDOWN
PA3.GPIO_Label=UART2_RX
PB1.GPIOParameters=GPIO_Label
PA7.Signal=ADC_IN7
PA6.Locked=true
